// !$*UTF8*$!
{
	archiveVersion = 1;
	classes = {
	};
	objectVersion = 50;
	objects = {

/* Begin PBXBuildFile section */
		8D14889422419D6000596C2A /* MenuViewController.swift in Sources */ = {isa = PBXBuildFile; fileRef = 8D14889322419D6000596C2A /* MenuViewController.swift */; };
		8D8A045E2228854000C283A2 /* AppDelegate.swift in Sources */ = {isa = PBXBuildFile; fileRef = 8D8A045D2228854000C283A2 /* AppDelegate.swift */; };
		8D8A04602228854000C283A2 /* ViewController.swift in Sources */ = {isa = PBXBuildFile; fileRef = 8D8A045F2228854000C283A2 /* ViewController.swift */; };
		8D8A04632228854000C283A2 /* Main.storyboard in Resources */ = {isa = PBXBuildFile; fileRef = 8D8A04612228854000C283A2 /* Main.storyboard */; };
		8D8A04682228854100C283A2 /* Assets.xcassets in Resources */ = {isa = PBXBuildFile; fileRef = 8D8A04672228854100C283A2 /* Assets.xcassets */; };
		8D8A046B2228854100C283A2 /* LaunchScreen.storyboard in Resources */ = {isa = PBXBuildFile; fileRef = 8D8A04692228854100C283A2 /* LaunchScreen.storyboard */; };
		8D8A04762228854100C283A2 /* NitroTests.swift in Sources */ = {isa = PBXBuildFile; fileRef = 8D8A04752228854100C283A2 /* NitroTests.swift */; };
		8D8A04812228854100C283A2 /* NitroUITests.swift in Sources */ = {isa = PBXBuildFile; fileRef = 8D8A04802228854100C283A2 /* NitroUITests.swift */; };
		8DA43F3922289A74000E5EF5 /* DRToDo.swift in Sources */ = {isa = PBXBuildFile; fileRef = 8DA43F3822289A74000E5EF5 /* DRToDo.swift */; };
		8DA43F3B2228A8EB000E5EF5 /* DRTableViewController.swift in Sources */ = {isa = PBXBuildFile; fileRef = 8DA43F3A2228A8EB000E5EF5 /* DRTableViewController.swift */; };
		8DDFB29E224EF18B00FAE821 /* DataNitro.xcdatamodeld in Sources */ = {isa = PBXBuildFile; fileRef = 8DDFB29C224EF18B00FAE821 /* DataNitro.xcdatamodeld */; };
		8DE4EE50226FC9BE00114EA3 /* WeekMenu+CoreDataClass.swift in Sources */ = {isa = PBXBuildFile; fileRef = 8DE4EE4E226FC9BE00114EA3 /* WeekMenu+CoreDataClass.swift */; };
		F73BAC1B2353B8DA00A9CCE2 /* WeekMenu+CoreDataProperties.swift in Sources */ = {isa = PBXBuildFile; fileRef = F73BAC1A2353B8DA00A9CCE2 /* WeekMenu+CoreDataProperties.swift */; };
		F7864A8D233AF03200AF11DF /* .gitignore in Resources */ = {isa = PBXBuildFile; fileRef = F7864A8C233AF03200AF11DF /* .gitignore */; };
		F7B908D32353A4DF00BC0AD1 /* CoreDataStack.swift in Sources */ = {isa = PBXBuildFile; fileRef = F7B908D22353A4DF00BC0AD1 /* CoreDataStack.swift */; };
		F7C008592357EBDC00F7784A /* CoreLocation.framework in Frameworks */ = {isa = PBXBuildFile; fileRef = F7C008582357EBDC00F7784A /* CoreLocation.framework */; };
/* End PBXBuildFile section */

/* Begin PBXContainerItemProxy section */
		8D8A04722228854100C283A2 /* PBXContainerItemProxy */ = {
			isa = PBXContainerItemProxy;
			containerPortal = 8D8A04522228854000C283A2 /* Project object */;
			proxyType = 1;
			remoteGlobalIDString = 8D8A04592228854000C283A2;
			remoteInfo = Nitro;
		};
		8D8A047D2228854100C283A2 /* PBXContainerItemProxy */ = {
			isa = PBXContainerItemProxy;
			containerPortal = 8D8A04522228854000C283A2 /* Project object */;
			proxyType = 1;
			remoteGlobalIDString = 8D8A04592228854000C283A2;
			remoteInfo = Nitro;
		};
/* End PBXContainerItemProxy section */

/* Begin PBXFileReference section */
		8D14889322419D6000596C2A /* MenuViewController.swift */ = {isa = PBXFileReference; lastKnownFileType = sourcecode.swift; path = MenuViewController.swift; sourceTree = "<group>"; };
		8D5868EC22384FB9009DF077 /* Network.framework */ = {isa = PBXFileReference; lastKnownFileType = wrapper.framework; name = Network.framework; path = System/Library/Frameworks/Network.framework; sourceTree = SDKROOT; };
		8D8A045A2228854000C283A2 /* Nitro.app */ = {isa = PBXFileReference; explicitFileType = wrapper.application; includeInIndex = 0; path = Nitro.app; sourceTree = BUILT_PRODUCTS_DIR; };
		8D8A045D2228854000C283A2 /* AppDelegate.swift */ = {isa = PBXFileReference; lastKnownFileType = sourcecode.swift; path = AppDelegate.swift; sourceTree = "<group>"; };
		8D8A045F2228854000C283A2 /* ViewController.swift */ = {isa = PBXFileReference; lastKnownFileType = sourcecode.swift; path = ViewController.swift; sourceTree = "<group>"; };
		8D8A04622228854000C283A2 /* Base */ = {isa = PBXFileReference; lastKnownFileType = file.storyboard; name = Base; path = Base.lproj/Main.storyboard; sourceTree = "<group>"; };
		8D8A04672228854100C283A2 /* Assets.xcassets */ = {isa = PBXFileReference; lastKnownFileType = folder.assetcatalog; path = Assets.xcassets; sourceTree = "<group>"; };
		8D8A046A2228854100C283A2 /* Base */ = {isa = PBXFileReference; lastKnownFileType = file.storyboard; name = Base; path = Base.lproj/LaunchScreen.storyboard; sourceTree = "<group>"; };
		8D8A046C2228854100C283A2 /* Info.plist */ = {isa = PBXFileReference; lastKnownFileType = text.plist.xml; path = Info.plist; sourceTree = "<group>"; };
		8D8A04712228854100C283A2 /* NitroTests.xctest */ = {isa = PBXFileReference; explicitFileType = wrapper.cfbundle; includeInIndex = 0; path = NitroTests.xctest; sourceTree = BUILT_PRODUCTS_DIR; };
		8D8A04752228854100C283A2 /* NitroTests.swift */ = {isa = PBXFileReference; lastKnownFileType = sourcecode.swift; path = NitroTests.swift; sourceTree = "<group>"; };
		8D8A04772228854100C283A2 /* Info.plist */ = {isa = PBXFileReference; lastKnownFileType = text.plist.xml; path = Info.plist; sourceTree = "<group>"; };
		8D8A047C2228854100C283A2 /* NitroUITests.xctest */ = {isa = PBXFileReference; explicitFileType = wrapper.cfbundle; includeInIndex = 0; path = NitroUITests.xctest; sourceTree = BUILT_PRODUCTS_DIR; };
		8D8A04802228854100C283A2 /* NitroUITests.swift */ = {isa = PBXFileReference; lastKnownFileType = sourcecode.swift; path = NitroUITests.swift; sourceTree = "<group>"; };
		8D8A04822228854100C283A2 /* Info.plist */ = {isa = PBXFileReference; lastKnownFileType = text.plist.xml; path = Info.plist; sourceTree = "<group>"; };
		8DA43F3822289A74000E5EF5 /* DRToDo.swift */ = {isa = PBXFileReference; lastKnownFileType = sourcecode.swift; path = DRToDo.swift; sourceTree = "<group>"; };
		8DA43F3A2228A8EB000E5EF5 /* DRTableViewController.swift */ = {isa = PBXFileReference; lastKnownFileType = sourcecode.swift; path = DRTableViewController.swift; sourceTree = "<group>"; };
		8DDFB29D224EF18B00FAE821 /* DataNitro.xcdatamodel */ = {isa = PBXFileReference; lastKnownFileType = wrapper.xcdatamodel; path = DataNitro.xcdatamodel; sourceTree = "<group>"; };
		8DE4EE4E226FC9BE00114EA3 /* WeekMenu+CoreDataClass.swift */ = {isa = PBXFileReference; lastKnownFileType = sourcecode.swift; path = "WeekMenu+CoreDataClass.swift"; sourceTree = "<group>"; };
		F73BAC1A2353B8DA00A9CCE2 /* WeekMenu+CoreDataProperties.swift */ = {isa = PBXFileReference; lastKnownFileType = sourcecode.swift; path = "WeekMenu+CoreDataProperties.swift"; sourceTree = "<group>"; };
		F7864A8C233AF03200AF11DF /* .gitignore */ = {isa = PBXFileReference; fileEncoding = 4; lastKnownFileType = text; path = .gitignore; sourceTree = "<group>"; };
		F7B908D22353A4DF00BC0AD1 /* CoreDataStack.swift */ = {isa = PBXFileReference; lastKnownFileType = sourcecode.swift; path = CoreDataStack.swift; sourceTree = "<group>"; };
		F7C008582357EBDC00F7784A /* CoreLocation.framework */ = {isa = PBXFileReference; lastKnownFileType = wrapper.framework; name = CoreLocation.framework; path = System/Library/Frameworks/CoreLocation.framework; sourceTree = SDKROOT; };
/* End PBXFileReference section */

/* Begin PBXFrameworksBuildPhase section */
		8D8A04572228854000C283A2 /* Frameworks */ = {
			isa = PBXFrameworksBuildPhase;
			buildActionMask = 2147483647;
			files = (
				F7C008592357EBDC00F7784A /* CoreLocation.framework in Frameworks */,
			);
			runOnlyForDeploymentPostprocessing = 0;
		};
		8D8A046E2228854100C283A2 /* Frameworks */ = {
			isa = PBXFrameworksBuildPhase;
			buildActionMask = 2147483647;
			files = (
			);
			runOnlyForDeploymentPostprocessing = 0;
		};
		8D8A04792228854100C283A2 /* Frameworks */ = {
			isa = PBXFrameworksBuildPhase;
			buildActionMask = 2147483647;
			files = (
			);
			runOnlyForDeploymentPostprocessing = 0;
		};
/* End PBXFrameworksBuildPhase section */

/* Begin PBXGroup section */
		8D8A04512228854000C283A2 = {
			isa = PBXGroup;
			children = (
				F7864A8C233AF03200AF11DF /* .gitignore */,
				8D8A045C2228854000C283A2 /* Nitro */,
				8D8A04742228854100C283A2 /* NitroTests */,
				8D8A047F2228854100C283A2 /* NitroUITests */,
				8D8A045B2228854000C283A2 /* Products */,
				DCE017CC20FABA4C168B4F57 /* Frameworks */,
			);
			sourceTree = "<group>";
		};
		8D8A045B2228854000C283A2 /* Products */ = {
			isa = PBXGroup;
			children = (
				8D8A045A2228854000C283A2 /* Nitro.app */,
				8D8A04712228854100C283A2 /* NitroTests.xctest */,
				8D8A047C2228854100C283A2 /* NitroUITests.xctest */,
			);
			name = Products;
			sourceTree = "<group>";
		};
		8D8A045C2228854000C283A2 /* Nitro */ = {
			isa = PBXGroup;
			children = (
				8DE4EE4E226FC9BE00114EA3 /* WeekMenu+CoreDataClass.swift */,
				F73BAC1A2353B8DA00A9CCE2 /* WeekMenu+CoreDataProperties.swift */,
				8D14889322419D6000596C2A /* MenuViewController.swift */,
				8DA43F3A2228A8EB000E5EF5 /* DRTableViewController.swift */,
				8DA43F3822289A74000E5EF5 /* DRToDo.swift */,
				8D8A045D2228854000C283A2 /* AppDelegate.swift */,
				8D8A045F2228854000C283A2 /* ViewController.swift */,
				8D8A04612228854000C283A2 /* Main.storyboard */,
				8D8A04672228854100C283A2 /* Assets.xcassets */,
				8D8A04692228854100C283A2 /* LaunchScreen.storyboard */,
				8DDFB29C224EF18B00FAE821 /* DataNitro.xcdatamodeld */,
				8D8A046C2228854100C283A2 /* Info.plist */,
				F7B908D22353A4DF00BC0AD1 /* CoreDataStack.swift */,
			);
			path = Nitro;
			sourceTree = "<group>";
		};
		8D8A04742228854100C283A2 /* NitroTests */ = {
			isa = PBXGroup;
			children = (
				8D8A04752228854100C283A2 /* NitroTests.swift */,
				8D8A04772228854100C283A2 /* Info.plist */,
			);
			path = NitroTests;
			sourceTree = "<group>";
		};
		8D8A047F2228854100C283A2 /* NitroUITests */ = {
			isa = PBXGroup;
			children = (
				8D8A04802228854100C283A2 /* NitroUITests.swift */,
				8D8A04822228854100C283A2 /* Info.plist */,
			);
			path = NitroUITests;
			sourceTree = "<group>";
		};
		DCE017CC20FABA4C168B4F57 /* Frameworks */ = {
			isa = PBXGroup;
			children = (
				F7C008582357EBDC00F7784A /* CoreLocation.framework */,
				8D5868EC22384FB9009DF077 /* Network.framework */,
			);
			name = Frameworks;
			sourceTree = "<group>";
		};
/* End PBXGroup section */

/* Begin PBXNativeTarget section */
		8D8A04592228854000C283A2 /* Nitro */ = {
			isa = PBXNativeTarget;
			buildConfigurationList = 8D8A04852228854100C283A2 /* Build configuration list for PBXNativeTarget "Nitro" */;
			buildPhases = (
				8D8A04562228854000C283A2 /* Sources */,
				8D8A04572228854000C283A2 /* Frameworks */,
				8D8A04582228854000C283A2 /* Resources */,
			);
			buildRules = (
			);
			dependencies = (
			);
			name = Nitro;
			productName = Nitro;
			productReference = 8D8A045A2228854000C283A2 /* Nitro.app */;
			productType = "com.apple.product-type.application";
		};
		8D8A04702228854100C283A2 /* NitroTests */ = {
			isa = PBXNativeTarget;
			buildConfigurationList = 8D8A04882228854100C283A2 /* Build configuration list for PBXNativeTarget "NitroTests" */;
			buildPhases = (
				8D8A046D2228854100C283A2 /* Sources */,
				8D8A046E2228854100C283A2 /* Frameworks */,
				8D8A046F2228854100C283A2 /* Resources */,
			);
			buildRules = (
			);
			dependencies = (
				8D8A04732228854100C283A2 /* PBXTargetDependency */,
			);
			name = NitroTests;
			productName = NitroTests;
			productReference = 8D8A04712228854100C283A2 /* NitroTests.xctest */;
			productType = "com.apple.product-type.bundle.unit-test";
		};
		8D8A047B2228854100C283A2 /* NitroUITests */ = {
			isa = PBXNativeTarget;
			buildConfigurationList = 8D8A048B2228854100C283A2 /* Build configuration list for PBXNativeTarget "NitroUITests" */;
			buildPhases = (
				8D8A04782228854100C283A2 /* Sources */,
				8D8A04792228854100C283A2 /* Frameworks */,
				8D8A047A2228854100C283A2 /* Resources */,
			);
			buildRules = (
			);
			dependencies = (
				8D8A047E2228854100C283A2 /* PBXTargetDependency */,
			);
			name = NitroUITests;
			productName = NitroUITests;
			productReference = 8D8A047C2228854100C283A2 /* NitroUITests.xctest */;
			productType = "com.apple.product-type.bundle.ui-testing";
		};
/* End PBXNativeTarget section */

/* Begin PBXProject section */
		8D8A04522228854000C283A2 /* Project object */ = {
			isa = PBXProject;
			attributes = {
				LastSwiftUpdateCheck = 1000;
				LastUpgradeCheck = 1000;
				ORGANIZATIONNAME = "Vikas Raj Bhagat";
				TargetAttributes = {
					8D8A04592228854000C283A2 = {
						CreatedOnToolsVersion = 10.0;
						SystemCapabilities = {
							com.apple.ApplicationGroups.iOS = {
								enabled = 0;
							};
							com.apple.Keychain = {
								enabled = 0;
							};
						};
					};
					8D8A04702228854100C283A2 = {
						CreatedOnToolsVersion = 10.0;
						TestTargetID = 8D8A04592228854000C283A2;
					};
					8D8A047B2228854100C283A2 = {
						CreatedOnToolsVersion = 10.0;
						TestTargetID = 8D8A04592228854000C283A2;
					};
				};
			};
			buildConfigurationList = 8D8A04552228854000C283A2 /* Build configuration list for PBXProject "Nitro" */;
			compatibilityVersion = "Xcode 9.3";
			developmentRegion = en;
			hasScannedForEncodings = 0;
			knownRegions = (
				en,
				Base,
			);
			mainGroup = 8D8A04512228854000C283A2;
			productRefGroup = 8D8A045B2228854000C283A2 /* Products */;
			projectDirPath = "";
			projectRoot = "";
			targets = (
				8D8A04592228854000C283A2 /* Nitro */,
				8D8A04702228854100C283A2 /* NitroTests */,
				8D8A047B2228854100C283A2 /* NitroUITests */,
			);
		};
/* End PBXProject section */

/* Begin PBXResourcesBuildPhase section */
		8D8A04582228854000C283A2 /* Resources */ = {
			isa = PBXResourcesBuildPhase;
			buildActionMask = 2147483647;
			files = (
				F7864A8D233AF03200AF11DF /* .gitignore in Resources */,
				8D8A046B2228854100C283A2 /* LaunchScreen.storyboard in Resources */,
				8D8A04682228854100C283A2 /* Assets.xcassets in Resources */,
				8D8A04632228854000C283A2 /* Main.storyboard in Resources */,
			);
			runOnlyForDeploymentPostprocessing = 0;
		};
		8D8A046F2228854100C283A2 /* Resources */ = {
			isa = PBXResourcesBuildPhase;
			buildActionMask = 2147483647;
			files = (
			);
			runOnlyForDeploymentPostprocessing = 0;
		};
		8D8A047A2228854100C283A2 /* Resources */ = {
			isa = PBXResourcesBuildPhase;
			buildActionMask = 2147483647;
			files = (
			);
			runOnlyForDeploymentPostprocessing = 0;
		};
/* End PBXResourcesBuildPhase section */

/* Begin PBXSourcesBuildPhase section */
		8D8A04562228854000C283A2 /* Sources */ = {
			isa = PBXSourcesBuildPhase;
			buildActionMask = 2147483647;
			files = (
				F73BAC1B2353B8DA00A9CCE2 /* WeekMenu+CoreDataProperties.swift in Sources */,
				8D14889422419D6000596C2A /* MenuViewController.swift in Sources */,
				8D8A04602228854000C283A2 /* ViewController.swift in Sources */,
				F7B908D32353A4DF00BC0AD1 /* CoreDataStack.swift in Sources */,
				8D8A045E2228854000C283A2 /* AppDelegate.swift in Sources */,
				8DA43F3922289A74000E5EF5 /* DRToDo.swift in Sources */,
				8DDFB29E224EF18B00FAE821 /* DataNitro.xcdatamodeld in Sources */,
				8DE4EE50226FC9BE00114EA3 /* WeekMenu+CoreDataClass.swift in Sources */,
				8DA43F3B2228A8EB000E5EF5 /* DRTableViewController.swift in Sources */,
			);
			runOnlyForDeploymentPostprocessing = 0;
		};
		8D8A046D2228854100C283A2 /* Sources */ = {
			isa = PBXSourcesBuildPhase;
			buildActionMask = 2147483647;
			files = (
				8D8A04762228854100C283A2 /* NitroTests.swift in Sources */,
			);
			runOnlyForDeploymentPostprocessing = 0;
		};
		8D8A04782228854100C283A2 /* Sources */ = {
			isa = PBXSourcesBuildPhase;
			buildActionMask = 2147483647;
			files = (
				8D8A04812228854100C283A2 /* NitroUITests.swift in Sources */,
			);
			runOnlyForDeploymentPostprocessing = 0;
		};
/* End PBXSourcesBuildPhase section */

/* Begin PBXTargetDependency section */
		8D8A04732228854100C283A2 /* PBXTargetDependency */ = {
			isa = PBXTargetDependency;
			target = 8D8A04592228854000C283A2 /* Nitro */;
			targetProxy = 8D8A04722228854100C283A2 /* PBXContainerItemProxy */;
		};
		8D8A047E2228854100C283A2 /* PBXTargetDependency */ = {
			isa = PBXTargetDependency;
			target = 8D8A04592228854000C283A2 /* Nitro */;
			targetProxy = 8D8A047D2228854100C283A2 /* PBXContainerItemProxy */;
		};
/* End PBXTargetDependency section */

/* Begin PBXVariantGroup section */
		8D8A04612228854000C283A2 /* Main.storyboard */ = {
			isa = PBXVariantGroup;
			children = (
				8D8A04622228854000C283A2 /* Base */,
			);
			name = Main.storyboard;
			sourceTree = "<group>";
		};
		8D8A04692228854100C283A2 /* LaunchScreen.storyboard */ = {
			isa = PBXVariantGroup;
			children = (
				8D8A046A2228854100C283A2 /* Base */,
			);
			name = LaunchScreen.storyboard;
			sourceTree = "<group>";
		};
/* End PBXVariantGroup section */

/* Begin XCBuildConfiguration section */
		8D8A04832228854100C283A2 /* Debug */ = {
			isa = XCBuildConfiguration;
			buildSettings = {
				ALWAYS_SEARCH_USER_PATHS = NO;
				CLANG_ANALYZER_NONNULL = YES;
				CLANG_ANALYZER_NUMBER_OBJECT_CONVERSION = YES_AGGRESSIVE;
				CLANG_CXX_LANGUAGE_STANDARD = "gnu++14";
				CLANG_CXX_LIBRARY = "libc++";
				CLANG_ENABLE_MODULES = YES;
				CLANG_ENABLE_OBJC_ARC = YES;
				CLANG_ENABLE_OBJC_WEAK = YES;
				CLANG_WARN_BLOCK_CAPTURE_AUTORELEASING = YES;
				CLANG_WARN_BOOL_CONVERSION = YES;
				CLANG_WARN_COMMA = YES;
				CLANG_WARN_CONSTANT_CONVERSION = YES;
				CLANG_WARN_DEPRECATED_OBJC_IMPLEMENTATIONS = YES;
				CLANG_WARN_DIRECT_OBJC_ISA_USAGE = YES_ERROR;
				CLANG_WARN_DOCUMENTATION_COMMENTS = YES;
				CLANG_WARN_EMPTY_BODY = YES;
				CLANG_WARN_ENUM_CONVERSION = YES;
				CLANG_WARN_INFINITE_RECURSION = YES;
				CLANG_WARN_INT_CONVERSION = YES;
				CLANG_WARN_NON_LITERAL_NULL_CONVERSION = YES;
				CLANG_WARN_OBJC_IMPLICIT_RETAIN_SELF = YES;
				CLANG_WARN_OBJC_LITERAL_CONVERSION = YES;
				CLANG_WARN_OBJC_ROOT_CLASS = YES_ERROR;
				CLANG_WARN_RANGE_LOOP_ANALYSIS = YES;
				CLANG_WARN_STRICT_PROTOTYPES = YES;
				CLANG_WARN_SUSPICIOUS_MOVE = YES;
				CLANG_WARN_UNGUARDED_AVAILABILITY = YES_AGGRESSIVE;
				CLANG_WARN_UNREACHABLE_CODE = YES;
				CLANG_WARN__DUPLICATE_METHOD_MATCH = YES;
				CODE_SIGN_IDENTITY = "iPhone Developer";
				COPY_PHASE_STRIP = NO;
				DEBUG_INFORMATION_FORMAT = "dwarf-with-dsym";
				ENABLE_STRICT_OBJC_MSGSEND = YES;
				ENABLE_TESTABILITY = YES;
				GCC_C_LANGUAGE_STANDARD = gnu11;
				GCC_DYNAMIC_NO_PIC = NO;
				GCC_NO_COMMON_BLOCKS = YES;
				GCC_OPTIMIZATION_LEVEL = 0;
				GCC_PREPROCESSOR_DEFINITIONS = (
					"DEBUG=1",
					"$(inherited)",
				);
				GCC_WARN_64_TO_32_BIT_CONVERSION = YES;
				GCC_WARN_ABOUT_RETURN_TYPE = YES_ERROR;
				GCC_WARN_UNDECLARED_SELECTOR = YES;
				GCC_WARN_UNINITIALIZED_AUTOS = YES_AGGRESSIVE;
				GCC_WARN_UNUSED_FUNCTION = YES;
				GCC_WARN_UNUSED_VARIABLE = YES;
				IPHONEOS_DEPLOYMENT_TARGET = 9.3;
				MTL_ENABLE_DEBUG_INFO = INCLUDE_SOURCE;
				MTL_FAST_MATH = YES;
				ONLY_ACTIVE_ARCH = YES;
				SDKROOT = iphoneos;
				SWIFT_ACTIVE_COMPILATION_CONDITIONS = DEBUG;
				SWIFT_OPTIMIZATION_LEVEL = "-Onone";
				TARGETED_DEVICE_FAMILY = 2;
			};
			name = Debug;
		};
		8D8A04842228854100C283A2 /* Release */ = {
			isa = XCBuildConfiguration;
			buildSettings = {
				ALWAYS_SEARCH_USER_PATHS = NO;
				CLANG_ANALYZER_NONNULL = YES;
				CLANG_ANALYZER_NUMBER_OBJECT_CONVERSION = YES_AGGRESSIVE;
				CLANG_CXX_LANGUAGE_STANDARD = "gnu++14";
				CLANG_CXX_LIBRARY = "libc++";
				CLANG_ENABLE_MODULES = YES;
				CLANG_ENABLE_OBJC_ARC = YES;
				CLANG_ENABLE_OBJC_WEAK = YES;
				CLANG_WARN_BLOCK_CAPTURE_AUTORELEASING = YES;
				CLANG_WARN_BOOL_CONVERSION = YES;
				CLANG_WARN_COMMA = YES;
				CLANG_WARN_CONSTANT_CONVERSION = YES;
				CLANG_WARN_DEPRECATED_OBJC_IMPLEMENTATIONS = YES;
				CLANG_WARN_DIRECT_OBJC_ISA_USAGE = YES_ERROR;
				CLANG_WARN_DOCUMENTATION_COMMENTS = YES;
				CLANG_WARN_EMPTY_BODY = YES;
				CLANG_WARN_ENUM_CONVERSION = YES;
				CLANG_WARN_INFINITE_RECURSION = YES;
				CLANG_WARN_INT_CONVERSION = YES;
				CLANG_WARN_NON_LITERAL_NULL_CONVERSION = YES;
				CLANG_WARN_OBJC_IMPLICIT_RETAIN_SELF = YES;
				CLANG_WARN_OBJC_LITERAL_CONVERSION = YES;
				CLANG_WARN_OBJC_ROOT_CLASS = YES_ERROR;
				CLANG_WARN_RANGE_LOOP_ANALYSIS = YES;
				CLANG_WARN_STRICT_PROTOTYPES = YES;
				CLANG_WARN_SUSPICIOUS_MOVE = YES;
				CLANG_WARN_UNGUARDED_AVAILABILITY = YES_AGGRESSIVE;
				CLANG_WARN_UNREACHABLE_CODE = YES;
				CLANG_WARN__DUPLICATE_METHOD_MATCH = YES;
				CODE_SIGN_IDENTITY = "iPhone Developer";
				COPY_PHASE_STRIP = NO;
				DEBUG_INFORMATION_FORMAT = "dwarf-with-dsym";
				ENABLE_NS_ASSERTIONS = NO;
				ENABLE_STRICT_OBJC_MSGSEND = YES;
				GCC_C_LANGUAGE_STANDARD = gnu11;
				GCC_NO_COMMON_BLOCKS = YES;
				GCC_WARN_64_TO_32_BIT_CONVERSION = YES;
				GCC_WARN_ABOUT_RETURN_TYPE = YES_ERROR;
				GCC_WARN_UNDECLARED_SELECTOR = YES;
				GCC_WARN_UNINITIALIZED_AUTOS = YES_AGGRESSIVE;
				GCC_WARN_UNUSED_FUNCTION = YES;
				GCC_WARN_UNUSED_VARIABLE = YES;
				IPHONEOS_DEPLOYMENT_TARGET = 9.3;
				MTL_ENABLE_DEBUG_INFO = NO;
				MTL_FAST_MATH = YES;
				SDKROOT = iphoneos;
				SWIFT_COMPILATION_MODE = wholemodule;
				SWIFT_OPTIMIZATION_LEVEL = "-O";
				TARGETED_DEVICE_FAMILY = 2;
				VALIDATE_PRODUCT = YES;
			};
			name = Release;
		};
		8D8A04862228854100C283A2 /* Debug */ = {
			isa = XCBuildConfiguration;
			buildSettings = {
				ASSETCATALOG_COMPILER_APPICON_NAME = AppIcon;
				CODE_SIGN_IDENTITY = "iPhone Developer";
				CODE_SIGN_STYLE = Automatic;
				DEVELOPMENT_TEAM = 5QW9XXHLDL;
				INFOPLIST_FILE = Nitro/Info.plist;
				IPHONEOS_DEPLOYMENT_TARGET = 9.3;
				LD_RUNPATH_SEARCH_PATHS = (
					"$(inherited)",
					"@executable_path/Frameworks",
				);
				PRODUCT_BUNDLE_IDENTIFIER = DR.Nitro;
				PRODUCT_NAME = "$(TARGET_NAME)";
				PROVISIONING_PROFILE_SPECIFIER = "";
				SWIFT_VERSION = 4.2;
				TARGETED_DEVICE_FAMILY = "1,2";
			};
			name = Debug;
		};
		8D8A04872228854100C283A2 /* Release */ = {
			isa = XCBuildConfiguration;
			buildSettings = {
				ASSETCATALOG_COMPILER_APPICON_NAME = AppIcon;
				CODE_SIGN_IDENTITY = "iPhone Developer";
				CODE_SIGN_STYLE = Automatic;
				DEVELOPMENT_TEAM = 5QW9XXHLDL;
				INFOPLIST_FILE = Nitro/Info.plist;
				IPHONEOS_DEPLOYMENT_TARGET = 9.3;
				LD_RUNPATH_SEARCH_PATHS = (
					"$(inherited)",
					"@executable_path/Frameworks",
				);
				PRODUCT_BUNDLE_IDENTIFIER = DR.Nitro;
				PRODUCT_NAME = "$(TARGET_NAME)";
				PROVISIONING_PROFILE_SPECIFIER = "";
				SWIFT_VERSION = 4.2;
				TARGETED_DEVICE_FAMILY = "1,2";
			};
			name = Release;
		};
		8D8A04892228854100C283A2 /* Debug */ = {
			isa = XCBuildConfiguration;
			buildSettings = {
				ALWAYS_EMBED_SWIFT_STANDARD_LIBRARIES = YES;
				BUNDLE_LOADER = "$(TEST_HOST)";
				CODE_SIGN_STYLE = Automatic;
				DEVELOPMENT_TEAM = 54NF94XMQG;
				INFOPLIST_FILE = NitroTests/Info.plist;
				LD_RUNPATH_SEARCH_PATHS = (
					"$(inherited)",
					"@executable_path/Frameworks",
					"@loader_path/Frameworks",
				);
				PRODUCT_BUNDLE_IDENTIFIER = DR.NitroTests;
				PRODUCT_NAME = "$(TARGET_NAME)";
				SWIFT_VERSION = 4.2;
				TARGETED_DEVICE_FAMILY = "1,2";
				TEST_HOST = "$(BUILT_PRODUCTS_DIR)/Nitro.app/Nitro";
			};
			name = Debug;
		};
		8D8A048A2228854100C283A2 /* Release */ = {
			isa = XCBuildConfiguration;
			buildSettings = {
				ALWAYS_EMBED_SWIFT_STANDARD_LIBRARIES = YES;
				BUNDLE_LOADER = "$(TEST_HOST)";
				CODE_SIGN_STYLE = Automatic;
				DEVELOPMENT_TEAM = 54NF94XMQG;
				INFOPLIST_FILE = NitroTests/Info.plist;
				LD_RUNPATH_SEARCH_PATHS = (
					"$(inherited)",
					"@executable_path/Frameworks",
					"@loader_path/Frameworks",
				);
				PRODUCT_BUNDLE_IDENTIFIER = DR.NitroTests;
				PRODUCT_NAME = "$(TARGET_NAME)";
				SWIFT_VERSION = 4.2;
				TARGETED_DEVICE_FAMILY = "1,2";
				TEST_HOST = "$(BUILT_PRODUCTS_DIR)/Nitro.app/Nitro";
			};
			name = Release;
		};
		8D8A048C2228854100C283A2 /* Debug */ = {
			isa = XCBuildConfiguration;
			buildSettings = {
				ALWAYS_EMBED_SWIFT_STANDARD_LIBRARIES = YES;
				CODE_SIGN_IDENTITY = "iPhone Developer";
				CODE_SIGN_STYLE = Automatic;
				DEVELOPMENT_TEAM = 54NF94XMQG;
				INFOPLIST_FILE = NitroUITests/Info.plist;
				LD_RUNPATH_SEARCH_PATHS = (
					"$(inherited)",
					"@executable_path/Frameworks",
					"@loader_path/Frameworks",
				);
				PRODUCT_BUNDLE_IDENTIFIER = DR.Nitro;
				PRODUCT_NAME = "$(TARGET_NAME)";
				PROVISIONING_PROFILE_SPECIFIER = "";
				SWIFT_VERSION = 4.2;
				TARGETED_DEVICE_FAMILY = "1,2";
				TEST_TARGET_NAME = Nitro;
			};
			name = Debug;
		};
		8D8A048D2228854100C283A2 /* Release */ = {
			isa = XCBuildConfiguration;
			buildSettings = {
				ALWAYS_EMBED_SWIFT_STANDARD_LIBRARIES = YES;
				CODE_SIGN_IDENTITY = "iPhone Developer";
				CODE_SIGN_STYLE = Automatic;
				DEVELOPMENT_TEAM = 54NF94XMQG;
				INFOPLIST_FILE = NitroUITests/Info.plist;
				LD_RUNPATH_SEARCH_PATHS = (
					"$(inherited)",
					"@executable_path/Frameworks",
					"@loader_path/Frameworks",
				);
				PRODUCT_BUNDLE_IDENTIFIER = DR.Nitro;
				PRODUCT_NAME = "$(TARGET_NAME)";
				PROVISIONING_PROFILE_SPECIFIER = "";
				SWIFT_VERSION = 4.2;
				TARGETED_DEVICE_FAMILY = "1,2";
				TEST_TARGET_NAME = Nitro;
			};
			name = Release;
		};
/* End XCBuildConfiguration section */

/* Begin XCConfigurationList section */
		8D8A04552228854000C283A2 /* Build configuration list for PBXProject "Nitro" */ = {
			isa = XCConfigurationList;
			buildConfigurations = (
				8D8A04832228854100C283A2 /* Debug */,
				8D8A04842228854100C283A2 /* Release */,
			);
			defaultConfigurationIsVisible = 0;
			defaultConfigurationName = Release;
		};
		8D8A04852228854100C283A2 /* Build configuration list for PBXNativeTarget "Nitro" */ = {
			isa = XCConfigurationList;
			buildConfigurations = (
				8D8A04862228854100C283A2 /* Debug */,
				8D8A04872228854100C283A2 /* Release */,
			);
			defaultConfigurationIsVisible = 0;
			defaultConfigurationName = Release;
		};
		8D8A04882228854100C283A2 /* Build configuration list for PBXNativeTarget "NitroTests" */ = {
			isa = XCConfigurationList;
			buildConfigurations = (
				8D8A04892228854100C283A2 /* Debug */,
				8D8A048A2228854100C283A2 /* Release */,
			);
			defaultConfigurationIsVisible = 0;
			defaultConfigurationName = Release;
		};
		8D8A048B2228854100C283A2 /* Build configuration list for PBXNativeTarget "NitroUITests" */ = {
			isa = XCConfigurationList;
			buildConfigurations = (
				8D8A048C2228854100C283A2 /* Debug */,
				8D8A048D2228854100C283A2 /* Release */,
			);
			defaultConfigurationIsVisible = 0;
			defaultConfigurationName = Release;
		};
/* End XCConfigurationList section */

/* Begin XCVersionGroup section */
		8DDFB29C224EF18B00FAE821 /* DataNitro.xcdatamodeld */ = {
			isa = XCVersionGroup;
			children = (
				8DDFB29D224EF18B00FAE821 /* DataNitro.xcdatamodel */,
			);
			currentVersion = 8DDFB29D224EF18B00FAE821 /* DataNitro.xcdatamodel */;
			path = DataNitro.xcdatamodeld;
			sourceTree = "<group>";
			versionGroupType = wrapper.xcdatamodel;
		};
/* End XCVersionGroup section */
	};
	rootObject = 8D8A04522228854000C283A2 /* Project object */;
}
